{
  "requires": true,
  "lockfileVersion": 1,
  "dependencies": {
    "eslint-config-prettier": {
      "version": "6.11.0",
      "resolved": "https://registry.npm.taobao.org/eslint-config-prettier/download/eslint-config-prettier-6.11.0.tgz?cache=0&sync_timestamp=1587497763827&other_urls=https%3A%2F%2Fregistry.npm.taobao.org%2Feslint-config-prettier%2Fdownload%2Feslint-config-prettier-6.11.0.tgz",
      "integrity": "sha1-9tIjjBKQ0ByFmotcH301KgsNqLE=",
      "dev": true,
      "requires": {
        "get-stdin": "^6.0.0"
      }
    },
    "get-stdin": {
      "version": "6.0.0",
      "resolved": "https://registry.npm.taobao.org/get-stdin/download/get-stdin-6.0.0.tgz",
      "integrity": "sha1-ngm/cSs2CrkiXoEgSPcf3pyJZXs=",
      "dev": true
    }
  }
}
